
Microsoft Visual Studio Solution File, Format Version 12.00
# Visual Studio Version 16
VisualStudioVersion = 16.0.32510.428
MinimumVisualStudioVersion = 10.0.40219.1
Project("{FAE04EC0-301F-11D3-BF4B-00C04F79EFBC}") = "print star pattern", "print star pattern\print star pattern.csproj", "{77CE75BD-E208-408C-B720-83C90A84FC20}"
EndProject
Global
	GlobalSection(SolutionConfigurationPlatforms) = preSolution
		Debug|Any CPU = Debug|Any CPU
		Release|Any CPU = Release|Any CPU
	EndGlobalSection
	GlobalSection(ProjectConfigurationPlatforms) = postSolution
		{77CE75BD-E208-408C-B720-83C90A84FC20}.Debug|Any CPU.ActiveCfg = Debug|Any CPU
		{77CE75BD-E208-408C-B720-83C90A84FC20}.Debug|Any CPU.Build.0 = Debug|Any CPU
		{77CE75BD-E208-408C-B720-83C90A84FC20}.Release|Any CPU.ActiveCfg = Release|Any CPU
		{77CE75BD-E208-408C-B720-83C90A84FC20}.Release|Any CPU.Build.0 = Release|Any CPU
	EndGlobalSection
	GlobalSection(SolutionProperties) = preSolution
		HideSolutionNode = FALSE
	EndGlobalSection
	GlobalSection(ExtensibilityGlobals) = postSolution
		SolutionGuid = {1E86A57F-D308-45EE-B403-744997FC7416}
	EndGlobalSection
EndGlobal
