
Microsoft Visual Studio Solution File, Format Version 12.00
# Visual Studio Version 16
VisualStudioVersion = 16.0.32510.428
MinimumVisualStudioVersion = 10.0.40219.1
Project("{FAE04EC0-301F-11D3-BF4B-00C04F79EFBC}") = "switch case", "switch case\switch case.csproj", "{153BC175-913C-4A56-A157-477A3A740107}"
EndProject
Global
	GlobalSection(SolutionConfigurationPlatforms) = preSolution
		Debug|Any CPU = Debug|Any CPU
		Release|Any CPU = Release|Any CPU
	EndGlobalSection
	GlobalSection(ProjectConfigurationPlatforms) = postSolution
		{153BC175-913C-4A56-A157-477A3A740107}.Debug|Any CPU.ActiveCfg = Debug|Any CPU
		{153BC175-913C-4A56-A157-477A3A740107}.Debug|Any CPU.Build.0 = Debug|Any CPU
		{153BC175-913C-4A56-A157-477A3A740107}.Release|Any CPU.ActiveCfg = Release|Any CPU
		{153BC175-913C-4A56-A157-477A3A740107}.Release|Any CPU.Build.0 = Release|Any CPU
	EndGlobalSection
	GlobalSection(SolutionProperties) = preSolution
		HideSolutionNode = FALSE
	EndGlobalSection
	GlobalSection(ExtensibilityGlobals) = postSolution
		SolutionGuid = {DDBB59FE-11F1-4F1F-9B5C-4A4ED2F152B5}
	EndGlobalSection
EndGlobal
