
Microsoft Visual Studio Solution File, Format Version 12.00
# Visual Studio Version 16
VisualStudioVersion = 16.0.32510.428
MinimumVisualStudioVersion = 10.0.40219.1
Project("{FAE04EC0-301F-11D3-BF4B-00C04F79EFBC}") = "Calculator using switch", "Calculator using switch\Calculator using switch.csproj", "{23385F1B-8322-4682-B830-A68A182F824F}"
EndProject
Global
	GlobalSection(SolutionConfigurationPlatforms) = preSolution
		Debug|Any CPU = Debug|Any CPU
		Release|Any CPU = Release|Any CPU
	EndGlobalSection
	GlobalSection(ProjectConfigurationPlatforms) = postSolution
		{23385F1B-8322-4682-B830-A68A182F824F}.Debug|Any CPU.ActiveCfg = Debug|Any CPU
		{23385F1B-8322-4682-B830-A68A182F824F}.Debug|Any CPU.Build.0 = Debug|Any CPU
		{23385F1B-8322-4682-B830-A68A182F824F}.Release|Any CPU.ActiveCfg = Release|Any CPU
		{23385F1B-8322-4682-B830-A68A182F824F}.Release|Any CPU.Build.0 = Release|Any CPU
	EndGlobalSection
	GlobalSection(SolutionProperties) = preSolution
		HideSolutionNode = FALSE
	EndGlobalSection
	GlobalSection(ExtensibilityGlobals) = postSolution
		SolutionGuid = {02A802F2-54FA-484C-8410-B3F69322D3A3}
	EndGlobalSection
EndGlobal
